
Microsoft Visual Studio Solution File, Format Version 12.00
# Visual Studio Version 17
VisualStudioVersion = 17.13.35919.96
MinimumVisualStudioVersion = 10.0.40219.1
Project("{FAE04EC0-301F-11D3-BF4B-00C04F79EFBC}") = "ImageBlurificatorApi", "ImageBlurificatorApi\ImageBlurificatorApi.csproj", "{81ABA513-11D1-47BF-B1C6-69F5C42A3016}"
EndProject
Project("{8BC9CEB8-8B4A-11D0-8D11-00A0C91BC942}") = "GaussianBlurCore", "GaussianBlurCore\GaussianBlurCore.vcxproj", "{6660BB6E-0006-641A-8160-03CDD09BCA5E}"
EndProject
Project("{8BC9CEB8-8B4A-11D0-8D11-00A0C91BC942}") = "GaussianBlurNative", "GaussianBlurNative\GaussianBlurNative.vcxproj", "{69C0101A-D09B-4A2C-9A6E-40C78DB89BC7}"
EndProject
Global
	GlobalSection(SolutionConfigurationPlatforms) = preSolution
		Debug|Any CPU = Debug|Any CPU
		Debug|x64 = Debug|x64
		Debug|x86 = Debug|x86
		Release|Any CPU = Release|Any CPU
		Release|x64 = Release|x64
		Release|x86 = Release|x86
	EndGlobalSection
	GlobalSection(ProjectConfigurationPlatforms) = postSolution
		{81ABA513-11D1-47BF-B1C6-69F5C42A3016}.Debug|Any CPU.ActiveCfg = Debug|Any CPU
		{81ABA513-11D1-47BF-B1C6-69F5C42A3016}.Debug|Any CPU.Build.0 = Debug|Any CPU
		{81ABA513-11D1-47BF-B1C6-69F5C42A3016}.Debug|x64.ActiveCfg = Debug|Any CPU
		{81ABA513-11D1-47BF-B1C6-69F5C42A3016}.Debug|x64.Build.0 = Debug|Any CPU
		{81ABA513-11D1-47BF-B1C6-69F5C42A3016}.Debug|x86.ActiveCfg = Debug|Any CPU
		{81ABA513-11D1-47BF-B1C6-69F5C42A3016}.Debug|x86.Build.0 = Debug|Any CPU
		{81ABA513-11D1-47BF-B1C6-69F5C42A3016}.Release|Any CPU.ActiveCfg = Release|Any CPU
		{81ABA513-11D1-47BF-B1C6-69F5C42A3016}.Release|Any CPU.Build.0 = Release|Any CPU
		{81ABA513-11D1-47BF-B1C6-69F5C42A3016}.Release|x64.ActiveCfg = Release|Any CPU
		{81ABA513-11D1-47BF-B1C6-69F5C42A3016}.Release|x64.Build.0 = Release|Any CPU
		{81ABA513-11D1-47BF-B1C6-69F5C42A3016}.Release|x86.ActiveCfg = Release|Any CPU
		{81ABA513-11D1-47BF-B1C6-69F5C42A3016}.Release|x86.Build.0 = Release|Any CPU
		{6660BB6E-0006-641A-8160-03CDD09BCA5E}.Debug|Any CPU.ActiveCfg = Debug|x64
		{6660BB6E-0006-641A-8160-03CDD09BCA5E}.Debug|Any CPU.Build.0 = Debug|x64
		{6660BB6E-0006-641A-8160-03CDD09BCA5E}.Debug|x64.ActiveCfg = Debug|x64
		{6660BB6E-0006-641A-8160-03CDD09BCA5E}.Debug|x64.Build.0 = Debug|x64
		{6660BB6E-0006-641A-8160-03CDD09BCA5E}.Debug|x86.ActiveCfg = Debug|Win32
		{6660BB6E-0006-641A-8160-03CDD09BCA5E}.Debug|x86.Build.0 = Debug|Win32
		{6660BB6E-0006-641A-8160-03CDD09BCA5E}.Release|Any CPU.ActiveCfg = Release|x64
		{6660BB6E-0006-641A-8160-03CDD09BCA5E}.Release|Any CPU.Build.0 = Release|x64
		{6660BB6E-0006-641A-8160-03CDD09BCA5E}.Release|x64.ActiveCfg = Release|x64
		{6660BB6E-0006-641A-8160-03CDD09BCA5E}.Release|x64.Build.0 = Release|x64
		{6660BB6E-0006-641A-8160-03CDD09BCA5E}.Release|x86.ActiveCfg = Release|Win32
		{6660BB6E-0006-641A-8160-03CDD09BCA5E}.Release|x86.Build.0 = Release|Win32
		{69C0101A-D09B-4A2C-9A6E-40C78DB89BC7}.Debug|Any CPU.ActiveCfg = Debug|x64
		{69C0101A-D09B-4A2C-9A6E-40C78DB89BC7}.Debug|Any CPU.Build.0 = Debug|x64
		{69C0101A-D09B-4A2C-9A6E-40C78DB89BC7}.Debug|x64.ActiveCfg = Debug|x64
		{69C0101A-D09B-4A2C-9A6E-40C78DB89BC7}.Debug|x64.Build.0 = Debug|x64
		{69C0101A-D09B-4A2C-9A6E-40C78DB89BC7}.Debug|x86.ActiveCfg = Debug|Win32
		{69C0101A-D09B-4A2C-9A6E-40C78DB89BC7}.Debug|x86.Build.0 = Debug|Win32
		{69C0101A-D09B-4A2C-9A6E-40C78DB89BC7}.Release|Any CPU.ActiveCfg = Release|x64
		{69C0101A-D09B-4A2C-9A6E-40C78DB89BC7}.Release|Any CPU.Build.0 = Release|x64
		{69C0101A-D09B-4A2C-9A6E-40C78DB89BC7}.Release|x64.ActiveCfg = Release|x64
		{69C0101A-D09B-4A2C-9A6E-40C78DB89BC7}.Release|x64.Build.0 = Release|x64
		{69C0101A-D09B-4A2C-9A6E-40C78DB89BC7}.Release|x86.ActiveCfg = Release|Win32
		{69C0101A-D09B-4A2C-9A6E-40C78DB89BC7}.Release|x86.Build.0 = Release|Win32
	EndGlobalSection
	GlobalSection(SolutionProperties) = preSolution
		HideSolutionNode = FALSE
	EndGlobalSection
	GlobalSection(ExtensibilityGlobals) = postSolution
		SolutionGuid = {67747641-BF4F-4D85-AF8F-38671B9D35D6}
	EndGlobalSection
EndGlobal
